{
  "name": "rxjs-demo",
  "version": "1.0.0",
  "lockfileVersion": 2,
  "requires": true,
  "packages": {
    "": {
      "name": "rxjs-demo",
      "version": "1.0.0",
      "license": "ISC",
      "dependencies": {
        "rxjs": "^7.8.0"
      },
      "devDependencies": {
        "rollup": "^3.9.1"
      }
    },
    "node_modules/fsevents": {
      "version": "2.3.2",
      "resolved": "https://registry.npmjs.org/fsevents/-/fsevents-2.3.2.tgz",
      "integrity": "sha512-xiqMQR4xAeHTuB9uWm+fFRcIOgKBMiOBP+eXiyT7jsgVCq1bkVygt00oASowB7EdtpOHaaPgKt812P9ab+DDKA==",
      "dev": true,
      "hasInstallScript": true,
      "optional": true,
      "os": [
        "darwin"
      ],
      "engines": {
        "node": "^8.16.0 || ^10.6.0 || >=11.0.0"
      }
    },
    "node_modules/rollup": {
      "version": "3.9.1",
      "resolved": "https://registry.npmjs.org/rollup/-/rollup-3.9.1.tgz",
      "integrity": "sha512-GswCYHXftN8ZKGVgQhTFUJB/NBXxrRGgO2NCy6E8s1rwEJ4Q9/VttNqcYfEvx4dTo4j58YqdC3OVztPzlKSX8w==",
      "dev": true,
      "bin": {
        "rollup": "dist/bin/rollup"
      },
      "engines": {
        "node": ">=14.18.0",
        "npm": ">=8.0.0"
      },
      "optionalDependencies": {
        "fsevents": "~2.3.2"
      }
    },
    "node_modules/rxjs": {
      "version": "7.8.0",
      "resolved": "https://registry.npmjs.org/rxjs/-/rxjs-7.8.0.tgz",
      "integrity": "sha512-F2+gxDshqmIub1KdvZkaEfGDwLNpPvk9Fs6LD/MyQxNgMds/WH9OdDDXOmxUZpME+iSK3rQCctkL0DYyytUqMg==",
      "dependencies": {
        "tslib": "^2.1.0"
      }
    },
    "node_modules/tslib": {
      "version": "2.4.1",
      "resolved": "https://registry.npmjs.org/tslib/-/tslib-2.4.1.tgz",
      "integrity": "sha512-tGyy4dAjRIEwI7BzsB0lynWgOpfqjUdq91XXAlIWD2OwKBH7oCl/GZG/HT4BOHrTlPMOASlMQ7veyTqpmRcrNA=="
    }
  },
  "dependencies": {
    "fsevents": {
      "version": "2.3.2",
      "resolved": "https://registry.npmjs.org/fsevents/-/fsevents-2.3.2.tgz",
      "integrity": "sha512-xiqMQR4xAeHTuB9uWm+fFRcIOgKBMiOBP+eXiyT7jsgVCq1bkVygt00oASowB7EdtpOHaaPgKt812P9ab+DDKA==",
      "dev": true,
      "optional": true
    },
    "rollup": {
      "version": "3.9.1",
      "resolved": "https://registry.npmjs.org/rollup/-/rollup-3.9.1.tgz",
      "integrity": "sha512-GswCYHXftN8ZKGVgQhTFUJB/NBXxrRGgO2NCy6E8s1rwEJ4Q9/VttNqcYfEvx4dTo4j58YqdC3OVztPzlKSX8w==",
      "dev": true,
      "requires": {
        "fsevents": "~2.3.2"
      }
    },
    "rxjs": {
      "version": "7.8.0",
      "resolved": "https://registry.npmjs.org/rxjs/-/rxjs-7.8.0.tgz",
      "integrity": "sha512-F2+gxDshqmIub1KdvZkaEfGDwLNpPvk9Fs6LD/MyQxNgMds/WH9OdDDXOmxUZpME+iSK3rQCctkL0DYyytUqMg==",
      "requires": {
        "tslib": "^2.1.0"
      }
    },
    "tslib": {
      "version": "2.4.1",
      "resolved": "https://registry.npmjs.org/tslib/-/tslib-2.4.1.tgz",
      "integrity": "sha512-tGyy4dAjRIEwI7BzsB0lynWgOpfqjUdq91XXAlIWD2OwKBH7oCl/GZG/HT4BOHrTlPMOASlMQ7veyTqpmRcrNA=="
    }
  }
}
